
Microsoft Visual Studio Solution File, Format Version 12.00
# Visual Studio Version 16
VisualStudioVersion = 16.0.30503.244
MinimumVisualStudioVersion = 10.0.40219.1
Project("{FAE04EC0-301F-11D3-BF4B-00C04F79EFBC}") = "Pool Puzzle", "Pool Puzzle\Pool Puzzle.csproj", "{533C860F-6ADD-4471-89F8-083313DF271A}"
EndProject
Global
	GlobalSection(SolutionConfigurationPlatforms) = preSolution
		Debug|Any CPU = Debug|Any CPU
		Release|Any CPU = Release|Any CPU
	EndGlobalSection
	GlobalSection(ProjectConfigurationPlatforms) = postSolution
		{533C860F-6ADD-4471-89F8-083313DF271A}.Debug|Any CPU.ActiveCfg = Debug|Any CPU
		{533C860F-6ADD-4471-89F8-083313DF271A}.Debug|Any CPU.Build.0 = Debug|Any CPU
		{533C860F-6ADD-4471-89F8-083313DF271A}.Release|Any CPU.ActiveCfg = Release|Any CPU
		{533C860F-6ADD-4471-89F8-083313DF271A}.Release|Any CPU.Build.0 = Release|Any CPU
	EndGlobalSection
	GlobalSection(SolutionProperties) = preSolution
		HideSolutionNode = FALSE
	EndGlobalSection
	GlobalSection(ExtensibilityGlobals) = postSolution
		SolutionGuid = {52852599-5F3A-4AAC-B715-1A6A161236D2}
	EndGlobalSection
EndGlobal
